{
  "version": 4,
  "terraform_version": "1.3.9",
  "serial": 11,
  "lineage": "cd448245-89b3-fb5b-734c-7fad584a5b31",
  "outputs": {
    "hello_test_function_name": {
      "value": {
        "architectures": [
          "x86_64"
        ],
        "arn": "arn:aws:lambda:us-west-2:453952439536:function:hello-test-function",
        "code_signing_config_arn": "",
        "dead_letter_config": [],
        "description": "",
        "environment": [],
        "ephemeral_storage": [
          {
            "size": 512
          }
        ],
        "file_system_config": [],
        "filename": null,
        "function_name": "hello-test-function",
        "handler": "hello.handler",
        "id": "hello-test-function",
        "image_config": [],
        "image_uri": "",
        "invoke_arn": "arn:aws:apigateway:us-west-2:lambda:path/2015-03-31/functions/arn:aws:lambda:us-west-2:453952439536:function:hello-test-function/invocations",
        "kms_key_arn": "",
        "last_modified": "2023-02-27T22:25:55.336+0000",
        "layers": null,
        "memory_size": 128,
        "package_type": "Zip",
        "publish": false,
        "qualified_arn": "arn:aws:lambda:us-west-2:453952439536:function:hello-test-function:$LATEST",
        "qualified_invoke_arn": "arn:aws:apigateway:us-west-2:lambda:path/2015-03-31/functions/arn:aws:lambda:us-west-2:453952439536:function:hello-test-function:$LATEST/invocations",
        "replace_security_groups_on_destroy": null,
        "replacement_security_group_ids": null,
        "reserved_concurrent_executions": -1,
        "role": "arn:aws:iam::453952439536:role/serverless_lambda",
        "runtime": "nodejs12.x",
        "s3_bucket": "learn-terraform-functions-presently-inherently-major-escargot",
        "s3_key": "hello.zip",
        "s3_object_version": null,
        "signing_job_arn": "",
        "signing_profile_version_arn": "",
        "snap_start": [],
        "source_code_hash": "WYVxPcuHi8M7gKcyxWJNexWpIhKO2l4DGU90U4s2AYY=",
        "source_code_size": 2089,
        "tags": null,
        "tags_all": {
          "hashicorp-learn": "lambda-api-gateway"
        },
        "timeout": 3,
        "timeouts": null,
        "tracing_config": [
          {
            "mode": "PassThrough"
          }
        ],
        "version": "$LATEST",
        "vpc_config": []
      },
      "type": [
        "object",
        {
          "architectures": [
            "list",
            "string"
          ],
          "arn": "string",
          "code_signing_config_arn": "string",
          "dead_letter_config": [
            "list",
            [
              "object",
              {
                "target_arn": "string"
              }
            ]
          ],
          "description": "string",
          "environment": [
            "list",
            [
              "object",
              {
                "variables": [
                  "map",
                  "string"
                ]
              }
            ]
          ],
          "ephemeral_storage": [
            "list",
            [
              "object",
              {
                "size": "number"
              }
            ]
          ],
          "file_system_config": [
            "list",
            [
              "object",
              {
                "arn": "string",
                "local_mount_path": "string"
              }
            ]
          ],
          "filename": "string",
          "function_name": "string",
          "handler": "string",
          "id": "string",
          "image_config": [
            "list",
            [
              "object",
              {
                "command": [
                  "list",
                  "string"
                ],
                "entry_point": [
                  "list",
                  "string"
                ],
                "working_directory": "string"
              }
            ]
          ],
          "image_uri": "string",
          "invoke_arn": "string",
          "kms_key_arn": "string",
          "last_modified": "string",
          "layers": [
            "list",
            "string"
          ],
          "memory_size": "number",
          "package_type": "string",
          "publish": "bool",
          "qualified_arn": "string",
          "qualified_invoke_arn": "string",
          "replace_security_groups_on_destroy": "bool",
          "replacement_security_group_ids": [
            "set",
            "string"
          ],
          "reserved_concurrent_executions": "number",
          "role": "string",
          "runtime": "string",
          "s3_bucket": "string",
          "s3_key": "string",
          "s3_object_version": "string",
          "signing_job_arn": "string",
          "signing_profile_version_arn": "string",
          "snap_start": [
            "list",
            [
              "object",
              {
                "apply_on": "string",
                "optimization_status": "string"
              }
            ]
          ],
          "source_code_hash": "string",
          "source_code_size": "number",
          "tags": [
            "map",
            "string"
          ],
          "tags_all": [
            "map",
            "string"
          ],
          "timeout": "number",
          "timeouts": [
            "object",
            {
              "create": "string",
              "update": "string"
            }
          ],
          "tracing_config": [
            "list",
            [
              "object",
              {
                "mode": "string"
              }
            ]
          ],
          "version": "string",
          "vpc_config": [
            "list",
            [
              "object",
              {
                "security_group_ids": [
                  "set",
                  "string"
                ],
                "subnet_ids": [
                  "set",
                  "string"
                ],
                "vpc_id": "string"
              }
            ]
          ]
        }
      ]
    },
    "lambda_bucket_testing": {
      "value": "learn-terraform-functions-presently-inherently-major-escargot",
      "type": "string"
    }
  },
  "resources": [
    {
      "mode": "data",
      "type": "archive_file",
      "name": "lambda_s3-upload-lamdba",
      "provider": "provider[\"registry.terraform.io/hashicorp/archive\"]",
      "instances": [
        {
          "schema_version": 0,
          "attributes": {
            "excludes": null,
            "id": "f0e1e801713666937da26013365f28c260814c26",
            "output_base64sha256": "WYVxPcuHi8M7gKcyxWJNexWpIhKO2l4DGU90U4s2AYY=",
            "output_file_mode": null,
            "output_md5": "b2d933b93bc979951c02b764ad3f773a",
            "output_path": "./functions.zip",
            "output_sha": "f0e1e801713666937da26013365f28c260814c26",
            "output_size": 2089,
            "source": [],
            "source_content": null,
            "source_content_filename": null,
            "source_dir": "./functions",
            "source_file": null,
            "type": "zip"
          },
          "sensitive_attributes": []
        }
      ]
    },
    {
      "mode": "managed",
      "type": "aws_iam_role",
      "name": "lambda_exec",
      "provider": "provider[\"registry.terraform.io/hashicorp/aws\"]",
      "instances": [
        {
          "schema_version": 0,
          "attributes": {
            "arn": "arn:aws:iam::453952439536:role/serverless_lambda",
            "assume_role_policy": "{\"Statement\":[{\"Action\":\"sts:AssumeRole\",\"Effect\":\"Allow\",\"Principal\":{\"Service\":\"lambda.amazonaws.com\"},\"Sid\":\"\"}],\"Version\":\"2012-10-17\"}",
            "create_date": "2023-02-27T22:25:37Z",
            "description": "",
            "force_detach_policies": false,
            "id": "serverless_lambda",
            "inline_policy": [],
            "managed_policy_arns": [],
            "max_session_duration": 3600,
            "name": "serverless_lambda",
            "name_prefix": "",
            "path": "/",
            "permissions_boundary": null,
            "tags": null,
            "tags_all": {
              "hashicorp-learn": "lambda-api-gateway"
            },
            "unique_id": "AROAWTMNMQTYFQ4OF54YF"
          },
          "sensitive_attributes": [],
          "private": "bnVsbA=="
        }
      ]
    },
    {
      "mode": "managed",
      "type": "aws_iam_role_policy_attachment",
      "name": "lambda_policy",
      "provider": "provider[\"registry.terraform.io/hashicorp/aws\"]",
      "instances": [
        {
          "schema_version": 0,
          "attributes": {
            "id": "serverless_lambda-20230227222538228900000001",
            "policy_arn": "arn:aws:iam::aws:policy/service-role/AWSLambdaBasicExecutionRole",
            "role": "serverless_lambda"
          },
          "sensitive_attributes": [],
          "private": "bnVsbA==",
          "dependencies": [
            "aws_iam_role.lambda_exec"
          ]
        }
      ]
    },
    {
      "mode": "managed",
      "type": "aws_lambda_function",
      "name": "hello_test_function",
      "provider": "provider[\"registry.terraform.io/hashicorp/aws\"]",
      "instances": [
        {
          "schema_version": 0,
          "attributes": {
            "architectures": [
              "x86_64"
            ],
            "arn": "arn:aws:lambda:us-west-2:453952439536:function:hello-test-function",
            "code_signing_config_arn": "",
            "dead_letter_config": [],
            "description": "",
            "environment": [],
            "ephemeral_storage": [
              {
                "size": 512
              }
            ],
            "file_system_config": [],
            "filename": null,
            "function_name": "hello-test-function",
            "handler": "hello.handler",
            "id": "hello-test-function",
            "image_config": [],
            "image_uri": "",
            "invoke_arn": "arn:aws:apigateway:us-west-2:lambda:path/2015-03-31/functions/arn:aws:lambda:us-west-2:453952439536:function:hello-test-function/invocations",
            "kms_key_arn": "",
            "last_modified": "2023-02-27T22:25:55.336+0000",
            "layers": null,
            "memory_size": 128,
            "package_type": "Zip",
            "publish": false,
            "qualified_arn": "arn:aws:lambda:us-west-2:453952439536:function:hello-test-function:$LATEST",
            "qualified_invoke_arn": "arn:aws:apigateway:us-west-2:lambda:path/2015-03-31/functions/arn:aws:lambda:us-west-2:453952439536:function:hello-test-function:$LATEST/invocations",
            "replace_security_groups_on_destroy": null,
            "replacement_security_group_ids": null,
            "reserved_concurrent_executions": -1,
            "role": "arn:aws:iam::453952439536:role/serverless_lambda",
            "runtime": "nodejs12.x",
            "s3_bucket": "learn-terraform-functions-presently-inherently-major-escargot",
            "s3_key": "hello.zip",
            "s3_object_version": null,
            "signing_job_arn": "",
            "signing_profile_version_arn": "",
            "snap_start": [],
            "source_code_hash": "WYVxPcuHi8M7gKcyxWJNexWpIhKO2l4DGU90U4s2AYY=",
            "source_code_size": 2089,
            "tags": null,
            "tags_all": {
              "hashicorp-learn": "lambda-api-gateway"
            },
            "timeout": 3,
            "timeouts": null,
            "tracing_config": [
              {
                "mode": "PassThrough"
              }
            ],
            "version": "$LATEST",
            "vpc_config": []
          },
          "sensitive_attributes": [],
          "private": "eyJlMmJmYjczMC1lY2FhLTExZTYtOGY4OC0zNDM2M2JjN2M0YzAiOnsiY3JlYXRlIjo2MDAwMDAwMDAwMDAsInVwZGF0ZSI6NjAwMDAwMDAwMDAwfX0=",
          "dependencies": [
            "aws_iam_role.lambda_exec",
            "aws_s3_bucket.lambda_bucket",
            "aws_s3_object.lambda_s3-upload-lamdba",
            "data.archive_file.lambda_s3-upload-lamdba",
            "random_pet.lambda_bucket_name"
          ]
        }
      ]
    },
    {
      "mode": "managed",
      "type": "aws_s3_bucket",
      "name": "lambda_bucket",
      "provider": "provider[\"registry.terraform.io/hashicorp/aws\"]",
      "instances": [
        {
          "schema_version": 0,
          "attributes": {
            "acceleration_status": "",
            "acl": null,
            "arn": "arn:aws:s3:::learn-terraform-functions-presently-inherently-major-escargot",
            "bucket": "learn-terraform-functions-presently-inherently-major-escargot",
            "bucket_domain_name": "learn-terraform-functions-presently-inherently-major-escargot.s3.amazonaws.com",
            "bucket_prefix": null,
            "bucket_regional_domain_name": "learn-terraform-functions-presently-inherently-major-escargot.s3.us-west-2.amazonaws.com",
            "cors_rule": [],
            "force_destroy": false,
            "grant": [
              {
                "id": "5e114e315e0063a87162711c31d3139a8b2bbb4a533594e279dfed3e5712d141",
                "permissions": [
                  "FULL_CONTROL"
                ],
                "type": "CanonicalUser",
                "uri": ""
              }
            ],
            "hosted_zone_id": "Z3BJ6K6RIION7M",
            "id": "learn-terraform-functions-presently-inherently-major-escargot",
            "lifecycle_rule": [],
            "logging": [],
            "object_lock_configuration": [],
            "object_lock_enabled": false,
            "policy": "",
            "region": "us-west-2",
            "replication_configuration": [],
            "request_payer": "BucketOwner",
            "server_side_encryption_configuration": [
              {
                "rule": [
                  {
                    "apply_server_side_encryption_by_default": [
                      {
                        "kms_master_key_id": "",
                        "sse_algorithm": "AES256"
                      }
                    ],
                    "bucket_key_enabled": false
                  }
                ]
              }
            ],
            "tags": null,
            "tags_all": {
              "hashicorp-learn": "lambda-api-gateway"
            },
            "timeouts": null,
            "versioning": [
              {
                "enabled": false,
                "mfa_delete": false
              }
            ],
            "website": [],
            "website_domain": null,
            "website_endpoint": null
          },
          "sensitive_attributes": [],
          "private": "eyJlMmJmYjczMC1lY2FhLTExZTYtOGY4OC0zNDM2M2JjN2M0YzAiOnsiY3JlYXRlIjoxMjAwMDAwMDAwMDAwLCJkZWxldGUiOjM2MDAwMDAwMDAwMDAsInJlYWQiOjEyMDAwMDAwMDAwMDAsInVwZGF0ZSI6MTIwMDAwMDAwMDAwMH19",
          "dependencies": [
            "random_pet.lambda_bucket_name"
          ]
        }
      ]
    },
    {
      "mode": "managed",
      "type": "aws_s3_bucket_acl",
      "name": "bucket_acl",
      "provider": "provider[\"registry.terraform.io/hashicorp/aws\"]",
      "instances": [
        {
          "schema_version": 0,
          "attributes": {
            "access_control_policy": [
              {
                "grant": [
                  {
                    "grantee": [
                      {
                        "display_name": "tj",
                        "email_address": "",
                        "id": "5e114e315e0063a87162711c31d3139a8b2bbb4a533594e279dfed3e5712d141",
                        "type": "CanonicalUser",
                        "uri": ""
                      }
                    ],
                    "permission": "FULL_CONTROL"
                  }
                ],
                "owner": [
                  {
                    "display_name": "tj",
                    "id": "5e114e315e0063a87162711c31d3139a8b2bbb4a533594e279dfed3e5712d141"
                  }
                ]
              }
            ],
            "acl": "private",
            "bucket": "learn-terraform-functions-presently-inherently-major-escargot",
            "expected_bucket_owner": "",
            "id": "learn-terraform-functions-presently-inherently-major-escargot,private"
          },
          "sensitive_attributes": [],
          "private": "bnVsbA==",
          "dependencies": [
            "aws_s3_bucket.lambda_bucket",
            "random_pet.lambda_bucket_name"
          ]
        }
      ]
    },
    {
      "mode": "managed",
      "type": "aws_s3_object",
      "name": "lambda_s3-upload-lamdba",
      "provider": "provider[\"registry.terraform.io/hashicorp/aws\"]",
      "instances": [
        {
          "schema_version": 0,
          "attributes": {
            "acl": "private",
            "bucket": "learn-terraform-functions-presently-inherently-major-escargot",
            "bucket_key_enabled": false,
            "cache_control": "",
            "content": null,
            "content_base64": null,
            "content_disposition": "",
            "content_encoding": "",
            "content_language": "",
            "content_type": "binary/octet-stream",
            "etag": "b2d933b93bc979951c02b764ad3f773a",
            "force_destroy": false,
            "id": "hello.zip",
            "key": "hello.zip",
            "kms_key_id": null,
            "metadata": null,
            "object_lock_legal_hold_status": "",
            "object_lock_mode": "",
            "object_lock_retain_until_date": "",
            "server_side_encryption": "AES256",
            "source": "./functions.zip",
            "source_hash": null,
            "storage_class": "STANDARD",
            "tags": null,
            "tags_all": {
              "hashicorp-learn": "lambda-api-gateway"
            },
            "version_id": "",
            "website_redirect": ""
          },
          "sensitive_attributes": [],
          "private": "bnVsbA==",
          "dependencies": [
            "aws_s3_bucket.lambda_bucket",
            "data.archive_file.lambda_s3-upload-lamdba",
            "random_pet.lambda_bucket_name"
          ]
        }
      ]
    },
    {
      "mode": "managed",
      "type": "random_pet",
      "name": "lambda_bucket_name",
      "provider": "provider[\"registry.terraform.io/hashicorp/random\"]",
      "instances": [
        {
          "schema_version": 0,
          "attributes": {
            "id": "learn-terraform-functions-presently-inherently-major-escargot",
            "keepers": null,
            "length": 4,
            "prefix": "learn-terraform-functions",
            "separator": "-"
          },
          "sensitive_attributes": []
        }
      ]
    }
  ],
  "check_results": null
}
